
Microsoft Visual Studio Solution File, Format Version 12.00
# Visual Studio for Mac
Project("{FAE04EC0-301F-11D3-BF4B-00C04F79EFBC}") = "Cellular automaton", "Assembly-CSharp.csproj", "{7C91705A-37B0-6A18-5985-0610FBE755B0}"
EndProject
Global
	GlobalSection(SolutionConfigurationPlatforms) = preSolution
		Debug|Any CPU = Debug|Any CPU
		Release|Any CPU = Release|Any CPU
	EndGlobalSection
	GlobalSection(ProjectConfigurationPlatforms) = postSolution
		{7C91705A-37B0-6A18-5985-0610FBE755B0}.Debug|Any CPU.ActiveCfg = Debug|Any CPU
		{7C91705A-37B0-6A18-5985-0610FBE755B0}.Debug|Any CPU.Build.0 = Debug|Any CPU
		{7C91705A-37B0-6A18-5985-0610FBE755B0}.Release|Any CPU.ActiveCfg = Release|Any CPU
		{7C91705A-37B0-6A18-5985-0610FBE755B0}.Release|Any CPU.Build.0 = Release|Any CPU
	EndGlobalSection
	GlobalSection(SolutionProperties) = preSolution
		HideSolutionNode = FALSE
	EndGlobalSection
EndGlobal
